
Microsoft Visual Studio Solution File, Format Version 12.00
# Visual Studio Version 16
VisualStudioVersion = 16.0.29326.143
MinimumVisualStudioVersion = 10.0.40219.1
Project("{FAE04EC0-301F-11D3-BF4B-00C04F79EFBC}") = "2_9_ParameterizedTests", "2_9_ParameterizedTests\2_9_ParameterizedTests.csproj", "{BB27D536-4AB7-4CE8-AAF7-9A1DE604460D}"
EndProject
Project("{FAE04EC0-301F-11D3-BF4B-00C04F79EFBC}") = "TestNinja.UnitTests", "TestNinja.UnitTests\TestNinja.UnitTests.csproj", "{361F480E-E7A9-41E5-B1DD-699BB6C88111}"
EndProject
Global
	GlobalSection(SolutionConfigurationPlatforms) = preSolution
		Debug|Any CPU = Debug|Any CPU
		Release|Any CPU = Release|Any CPU
	EndGlobalSection
	GlobalSection(ProjectConfigurationPlatforms) = postSolution
		{BB27D536-4AB7-4CE8-AAF7-9A1DE604460D}.Debug|Any CPU.ActiveCfg = Debug|Any CPU
		{BB27D536-4AB7-4CE8-AAF7-9A1DE604460D}.Debug|Any CPU.Build.0 = Debug|Any CPU
		{BB27D536-4AB7-4CE8-AAF7-9A1DE604460D}.Release|Any CPU.ActiveCfg = Release|Any CPU
		{BB27D536-4AB7-4CE8-AAF7-9A1DE604460D}.Release|Any CPU.Build.0 = Release|Any CPU
		{361F480E-E7A9-41E5-B1DD-699BB6C88111}.Debug|Any CPU.ActiveCfg = Debug|Any CPU
		{361F480E-E7A9-41E5-B1DD-699BB6C88111}.Debug|Any CPU.Build.0 = Debug|Any CPU
		{361F480E-E7A9-41E5-B1DD-699BB6C88111}.Release|Any CPU.ActiveCfg = Release|Any CPU
		{361F480E-E7A9-41E5-B1DD-699BB6C88111}.Release|Any CPU.Build.0 = Release|Any CPU
	EndGlobalSection
	GlobalSection(SolutionProperties) = preSolution
		HideSolutionNode = FALSE
	EndGlobalSection
	GlobalSection(ExtensibilityGlobals) = postSolution
		SolutionGuid = {2C154A82-644F-45E4-A0D5-DC48AEC5E785}
	EndGlobalSection
EndGlobal
